
Microsoft Visual Studio Solution File, Format Version 12.00
Project("{FAE04EC0-301F-11D3-BF4B-00C04F79EFBC}") = "HRenderer", "HRenderer\HRenderer.csproj", "{382CFD61-FA87-4597-989D-B8C8AAD4F7D0}"
EndProject
Global
	GlobalSection(SolutionConfigurationPlatforms) = preSolution
		Debug|Any CPU = Debug|Any CPU
		Release|Any CPU = Release|Any CPU
	EndGlobalSection
	GlobalSection(ProjectConfigurationPlatforms) = postSolution
		{382CFD61-FA87-4597-989D-B8C8AAD4F7D0}.Debug|Any CPU.ActiveCfg = Debug|Any CPU
		{382CFD61-FA87-4597-989D-B8C8AAD4F7D0}.Debug|Any CPU.Build.0 = Debug|Any CPU
		{382CFD61-FA87-4597-989D-B8C8AAD4F7D0}.Release|Any CPU.ActiveCfg = Release|Any CPU
		{382CFD61-FA87-4597-989D-B8C8AAD4F7D0}.Release|Any CPU.Build.0 = Release|Any CPU
	EndGlobalSection
EndGlobal
